
Microsoft Visual Studio Solution File, Format Version 12.00
# Visual Studio Version 17
VisualStudioVersion = 17.2.32602.215
MinimumVisualStudioVersion = 10.0.40219.1
Project("{FAE04EC0-301F-11D3-BF4B-00C04F79EFBC}") = "Wally", "Wally.csproj", "{9DB293F2-E658-4ADD-ABE2-B8A4A928770D}"
EndProject
Global
	GlobalSection(SolutionConfigurationPlatforms) = preSolution
		Debug|Any CPU = Debug|Any CPU
		Release|Any CPU = Release|Any CPU
	EndGlobalSection
	GlobalSection(ProjectConfigurationPlatforms) = postSolution
		{9DB293F2-E658-4ADD-ABE2-B8A4A928770D}.Debug|Any CPU.ActiveCfg = Debug|Any CPU
		{9DB293F2-E658-4ADD-ABE2-B8A4A928770D}.Debug|Any CPU.Build.0 = Debug|Any CPU
		{9DB293F2-E658-4ADD-ABE2-B8A4A928770D}.Release|Any CPU.ActiveCfg = Release|Any CPU
		{9DB293F2-E658-4ADD-ABE2-B8A4A928770D}.Release|Any CPU.Build.0 = Release|Any CPU
	EndGlobalSection
	GlobalSection(SolutionProperties) = preSolution
		HideSolutionNode = FALSE
	EndGlobalSection
	GlobalSection(ExtensibilityGlobals) = postSolution
		SolutionGuid = {114A7E2A-1088-49BE-84AA-127A529F57C7}
	EndGlobalSection
EndGlobal
